
Microsoft Visual Studio Solution File, Format Version 12.00
# Visual Studio Version 16
VisualStudioVersion = 16.0.31702.278
MinimumVisualStudioVersion = 10.0.40219.1
Project("{9A19103F-16F7-4668-BE54-9A1E7A4F7556}") = "A2", "A2.csproj", "{F4FFC8EB-3C0B-4A1A-89EF-B686D704CEE5}"
EndProject
Project("{FAE04EC0-301F-11D3-BF4B-00C04F79EFBC}") = "Assignment2UnitTest", "..\Assignment2UnitTest\Assignment2UnitTest.csproj", "{0DE2C76F-55EE-4FC5-813E-1D3B3EF3B774}"
EndProject
Global
	GlobalSection(SolutionConfigurationPlatforms) = preSolution
		Debug|Any CPU = Debug|Any CPU
		Release|Any CPU = Release|Any CPU
	EndGlobalSection
	GlobalSection(ProjectConfigurationPlatforms) = postSolution
		{F4FFC8EB-3C0B-4A1A-89EF-B686D704CEE5}.Debug|Any CPU.ActiveCfg = Debug|Any CPU
		{F4FFC8EB-3C0B-4A1A-89EF-B686D704CEE5}.Debug|Any CPU.Build.0 = Debug|Any CPU
		{F4FFC8EB-3C0B-4A1A-89EF-B686D704CEE5}.Release|Any CPU.ActiveCfg = Release|Any CPU
		{F4FFC8EB-3C0B-4A1A-89EF-B686D704CEE5}.Release|Any CPU.Build.0 = Release|Any CPU
		{0DE2C76F-55EE-4FC5-813E-1D3B3EF3B774}.Debug|Any CPU.ActiveCfg = Debug|Any CPU
		{0DE2C76F-55EE-4FC5-813E-1D3B3EF3B774}.Debug|Any CPU.Build.0 = Debug|Any CPU
		{0DE2C76F-55EE-4FC5-813E-1D3B3EF3B774}.Release|Any CPU.ActiveCfg = Release|Any CPU
		{0DE2C76F-55EE-4FC5-813E-1D3B3EF3B774}.Release|Any CPU.Build.0 = Release|Any CPU
	EndGlobalSection
	GlobalSection(SolutionProperties) = preSolution
		HideSolutionNode = FALSE
	EndGlobalSection
	GlobalSection(ExtensibilityGlobals) = postSolution
		SolutionGuid = {7786BC7C-0D0B-4CC1-8ADE-54E90CB06426}
	EndGlobalSection
EndGlobal
